
Microsoft Visual Studio Solution File, Format Version 12.00
# Visual Studio Version 16
VisualStudioVersion = 16.0.30128.74
MinimumVisualStudioVersion = 10.0.40219.1
Project("{FAE04EC0-301F-11D3-BF4B-00C04F79EFBC}") = "TrinhDuyTung.1621050544", "TrinhDuyTung.1621050544\TrinhDuyTung.1621050544.csproj", "{BD9D1E9F-569A-4B34-8E5F-C9370CD81D3B}"
EndProject
Global
	GlobalSection(SolutionConfigurationPlatforms) = preSolution
		Debug|Any CPU = Debug|Any CPU
		Release|Any CPU = Release|Any CPU
	EndGlobalSection
	GlobalSection(ProjectConfigurationPlatforms) = postSolution
		{BD9D1E9F-569A-4B34-8E5F-C9370CD81D3B}.Debug|Any CPU.ActiveCfg = Debug|Any CPU
		{BD9D1E9F-569A-4B34-8E5F-C9370CD81D3B}.Debug|Any CPU.Build.0 = Debug|Any CPU
		{BD9D1E9F-569A-4B34-8E5F-C9370CD81D3B}.Release|Any CPU.ActiveCfg = Release|Any CPU
		{BD9D1E9F-569A-4B34-8E5F-C9370CD81D3B}.Release|Any CPU.Build.0 = Release|Any CPU
	EndGlobalSection
	GlobalSection(SolutionProperties) = preSolution
		HideSolutionNode = FALSE
	EndGlobalSection
	GlobalSection(ExtensibilityGlobals) = postSolution
		SolutionGuid = {3D919570-242D-43ED-845F-8A6EAFE593CF}
	EndGlobalSection
EndGlobal
